
Microsoft Visual Studio Solution File, Format Version 12.00
# Visual Studio Version 17
VisualStudioVersion = 17.14.36511.14 d17.14
MinimumVisualStudioVersion = 10.0.40219.1
Project("{FAE04EC0-301F-11D3-BF4B-00C04F79EFBC}") = "ClearWall", "ClearWall\ClearWall.csproj", "{1A8CF706-9AB8-4A3A-BA97-C92F6C9DF3DB}"
EndProject
Global
	GlobalSection(SolutionConfigurationPlatforms) = preSolution
		Debug|Any CPU = Debug|Any CPU
		Release|Any CPU = Release|Any CPU
	EndGlobalSection
	GlobalSection(ProjectConfigurationPlatforms) = postSolution
		{1A8CF706-9AB8-4A3A-BA97-C92F6C9DF3DB}.Debug|Any CPU.ActiveCfg = Debug|Any CPU
		{1A8CF706-9AB8-4A3A-BA97-C92F6C9DF3DB}.Debug|Any CPU.Build.0 = Debug|Any CPU
		{1A8CF706-9AB8-4A3A-BA97-C92F6C9DF3DB}.Release|Any CPU.ActiveCfg = Release|Any CPU
		{1A8CF706-9AB8-4A3A-BA97-C92F6C9DF3DB}.Release|Any CPU.Build.0 = Release|Any CPU
	EndGlobalSection
	GlobalSection(SolutionProperties) = preSolution
		HideSolutionNode = FALSE
	EndGlobalSection
	GlobalSection(ExtensibilityGlobals) = postSolution
		SolutionGuid = {CD4241A5-2D0D-43E2-9659-59CA8FCAAD1D}
	EndGlobalSection
EndGlobal
